// !$*UTF8*$!
{
	archiveVersion = 1;
	classes = {
	};
	objectVersion = 56;
	objects = {

/* Begin PBXBuildFile section */
		48E7E7642BC89E2500E286B0 /* PokeydexApp.swift in Sources */ = {isa = PBXBuildFile; fileRef = 48E7E7632BC89E2500E286B0 /* PokeydexApp.swift */; };
		48E7E7662BC89E2500E286B0 /* ContentView.swift in Sources */ = {isa = PBXBuildFile; fileRef = 48E7E7652BC89E2500E286B0 /* ContentView.swift */; };
		48E7E7682BC89E2700E286B0 /* Assets.xcassets in Resources */ = {isa = PBXBuildFile; fileRef = 48E7E7672BC89E2700E286B0 /* Assets.xcassets */; };
		48E7E76B2BC89E2700E286B0 /* Preview Assets.xcassets in Resources */ = {isa = PBXBuildFile; fileRef = 48E7E76A2BC89E2700E286B0 /* Preview Assets.xcassets */; };
		48E7E7722BC89E8500E286B0 /* pokedex-data.json in Resources */ = {isa = PBXBuildFile; fileRef = 48E7E7712BC89E8500E286B0 /* pokedex-data.json */; };
		48E7E7752BC89EDD00E286B0 /* Models.swift in Sources */ = {isa = PBXBuildFile; fileRef = 48E7E7742BC89EDD00E286B0 /* Models.swift */; };
		48E7E7772BC89F2100E286B0 /* PokeydexService.swift in Sources */ = {isa = PBXBuildFile; fileRef = 48E7E7762BC89F2100E286B0 /* PokeydexService.swift */; };
		48E7E77A2BC8A6E000E286B0 /* PokemonView.swift in Sources */ = {isa = PBXBuildFile; fileRef = 48E7E7792BC8A6E000E286B0 /* PokemonView.swift */; };
		48E7E77D2BC8A91300E286B0 /* PokemonViewModel.swift in Sources */ = {isa = PBXBuildFile; fileRef = 48E7E77C2BC8A91300E286B0 /* PokemonViewModel.swift */; };
/* End PBXBuildFile section */

/* Begin PBXFileReference section */
		48E7E7602BC89E2500E286B0 /* Pokeydex.app */ = {isa = PBXFileReference; explicitFileType = wrapper.application; includeInIndex = 0; path = Pokeydex.app; sourceTree = BUILT_PRODUCTS_DIR; };
		48E7E7632BC89E2500E286B0 /* PokeydexApp.swift */ = {isa = PBXFileReference; lastKnownFileType = sourcecode.swift; path = PokeydexApp.swift; sourceTree = "<group>"; };
		48E7E7652BC89E2500E286B0 /* ContentView.swift */ = {isa = PBXFileReference; lastKnownFileType = sourcecode.swift; path = ContentView.swift; sourceTree = "<group>"; };
		48E7E7672BC89E2700E286B0 /* Assets.xcassets */ = {isa = PBXFileReference; lastKnownFileType = folder.assetcatalog; path = Assets.xcassets; sourceTree = "<group>"; };
		48E7E76A2BC89E2700E286B0 /* Preview Assets.xcassets */ = {isa = PBXFileReference; lastKnownFileType = folder.assetcatalog; path = "Preview Assets.xcassets"; sourceTree = "<group>"; };
		48E7E7712BC89E8500E286B0 /* pokedex-data.json */ = {isa = PBXFileReference; fileEncoding = 4; lastKnownFileType = text.json; path = "pokedex-data.json"; sourceTree = "<group>"; };
		48E7E7742BC89EDD00E286B0 /* Models.swift */ = {isa = PBXFileReference; lastKnownFileType = sourcecode.swift; path = Models.swift; sourceTree = "<group>"; };
		48E7E7762BC89F2100E286B0 /* PokeydexService.swift */ = {isa = PBXFileReference; lastKnownFileType = sourcecode.swift; path = PokeydexService.swift; sourceTree = "<group>"; };
		48E7E7792BC8A6E000E286B0 /* PokemonView.swift */ = {isa = PBXFileReference; lastKnownFileType = sourcecode.swift; path = PokemonView.swift; sourceTree = "<group>"; };
		48E7E77C2BC8A91300E286B0 /* PokemonViewModel.swift */ = {isa = PBXFileReference; lastKnownFileType = sourcecode.swift; path = PokemonViewModel.swift; sourceTree = "<group>"; };
/* End PBXFileReference section */

/* Begin PBXFrameworksBuildPhase section */
		48E7E75D2BC89E2500E286B0 /* Frameworks */ = {
			isa = PBXFrameworksBuildPhase;
			buildActionMask = 2147483647;
			files = (
			);
			runOnlyForDeploymentPostprocessing = 0;
		};
/* End PBXFrameworksBuildPhase section */

/* Begin PBXGroup section */
		48E7E7572BC89E2500E286B0 = {
			isa = PBXGroup;
			children = (
				48E7E7622BC89E2500E286B0 /* Pokeydex */,
				48E7E7612BC89E2500E286B0 /* Products */,
			);
			sourceTree = "<group>";
		};
		48E7E7612BC89E2500E286B0 /* Products */ = {
			isa = PBXGroup;
			children = (
				48E7E7602BC89E2500E286B0 /* Pokeydex.app */,
			);
			name = Products;
			sourceTree = "<group>";
		};
		48E7E7622BC89E2500E286B0 /* Pokeydex */ = {
			isa = PBXGroup;
			children = (
				48E7E7632BC89E2500E286B0 /* PokeydexApp.swift */,
				48E7E7652BC89E2500E286B0 /* ContentView.swift */,
				48E7E7732BC89ED200E286B0 /* Models */,
				48E7E7782BC8A6D500E286B0 /* Views */,
				48E7E77B2BC8A90700E286B0 /* ViewModels */,
				48E7E7672BC89E2700E286B0 /* Assets.xcassets */,
				48E7E7712BC89E8500E286B0 /* pokedex-data.json */,
				48E7E7692BC89E2700E286B0 /* Preview Content */,
			);
			path = Pokeydex;
			sourceTree = "<group>";
		};
		48E7E7692BC89E2700E286B0 /* Preview Content */ = {
			isa = PBXGroup;
			children = (
				48E7E76A2BC89E2700E286B0 /* Preview Assets.xcassets */,
			);
			path = "Preview Content";
			sourceTree = "<group>";
		};
		48E7E7732BC89ED200E286B0 /* Models */ = {
			isa = PBXGroup;
			children = (
				48E7E7742BC89EDD00E286B0 /* Models.swift */,
				48E7E7762BC89F2100E286B0 /* PokeydexService.swift */,
			);
			path = Models;
			sourceTree = "<group>";
		};
		48E7E7782BC8A6D500E286B0 /* Views */ = {
			isa = PBXGroup;
			children = (
				48E7E7792BC8A6E000E286B0 /* PokemonView.swift */,
			);
			path = Views;
			sourceTree = "<group>";
		};
		48E7E77B2BC8A90700E286B0 /* ViewModels */ = {
			isa = PBXGroup;
			children = (
				48E7E77C2BC8A91300E286B0 /* PokemonViewModel.swift */,
			);
			path = ViewModels;
			sourceTree = "<group>";
		};
/* End PBXGroup section */

/* Begin PBXNativeTarget section */
		48E7E75F2BC89E2500E286B0 /* Pokeydex */ = {
			isa = PBXNativeTarget;
			buildConfigurationList = 48E7E76E2BC89E2700E286B0 /* Build configuration list for PBXNativeTarget "Pokeydex" */;
			buildPhases = (
				48E7E75C2BC89E2500E286B0 /* Sources */,
				48E7E75D2BC89E2500E286B0 /* Frameworks */,
				48E7E75E2BC89E2500E286B0 /* Resources */,
			);
			buildRules = (
			);
			dependencies = (
			);
			name = Pokeydex;
			productName = Pokeydex;
			productReference = 48E7E7602BC89E2500E286B0 /* Pokeydex.app */;
			productType = "com.apple.product-type.application";
		};
/* End PBXNativeTarget section */

/* Begin PBXProject section */
		48E7E7582BC89E2500E286B0 /* Project object */ = {
			isa = PBXProject;
			attributes = {
				BuildIndependentTargetsInParallel = 1;
				LastSwiftUpdateCheck = 1530;
				LastUpgradeCheck = 1530;
				TargetAttributes = {
					48E7E75F2BC89E2500E286B0 = {
						CreatedOnToolsVersion = 15.3;
					};
				};
			};
			buildConfigurationList = 48E7E75B2BC89E2500E286B0 /* Build configuration list for PBXProject "Pokeydex" */;
			compatibilityVersion = "Xcode 14.0";
			developmentRegion = en;
			hasScannedForEncodings = 0;
			knownRegions = (
				en,
				Base,
			);
			mainGroup = 48E7E7572BC89E2500E286B0;
			productRefGroup = 48E7E7612BC89E2500E286B0 /* Products */;
			projectDirPath = "";
			projectRoot = "";
			targets = (
				48E7E75F2BC89E2500E286B0 /* Pokeydex */,
			);
		};
/* End PBXProject section */

/* Begin PBXResourcesBuildPhase section */
		48E7E75E2BC89E2500E286B0 /* Resources */ = {
			isa = PBXResourcesBuildPhase;
			buildActionMask = 2147483647;
			files = (
				48E7E76B2BC89E2700E286B0 /* Preview Assets.xcassets in Resources */,
				48E7E7682BC89E2700E286B0 /* Assets.xcassets in Resources */,
				48E7E7722BC89E8500E286B0 /* pokedex-data.json in Resources */,
			);
			runOnlyForDeploymentPostprocessing = 0;
		};
/* End PBXResourcesBuildPhase section */

/* Begin PBXSourcesBuildPhase section */
		48E7E75C2BC89E2500E286B0 /* Sources */ = {
			isa = PBXSourcesBuildPhase;
			buildActionMask = 2147483647;
			files = (
				48E7E7752BC89EDD00E286B0 /* Models.swift in Sources */,
				48E7E7662BC89E2500E286B0 /* ContentView.swift in Sources */,
				48E7E77D2BC8A91300E286B0 /* PokemonViewModel.swift in Sources */,
				48E7E7772BC89F2100E286B0 /* PokeydexService.swift in Sources */,
				48E7E77A2BC8A6E000E286B0 /* PokemonView.swift in Sources */,
				48E7E7642BC89E2500E286B0 /* PokeydexApp.swift in Sources */,
			);
			runOnlyForDeploymentPostprocessing = 0;
		};
/* End PBXSourcesBuildPhase section */

/* Begin XCBuildConfiguration section */
		48E7E76C2BC89E2700E286B0 /* Debug */ = {
			isa = XCBuildConfiguration;
			buildSettings = {
				ALWAYS_SEARCH_USER_PATHS = NO;
				ASSETCATALOG_COMPILER_GENERATE_SWIFT_ASSET_SYMBOL_EXTENSIONS = YES;
				CLANG_ANALYZER_NONNULL = YES;
				CLANG_ANALYZER_NUMBER_OBJECT_CONVERSION = YES_AGGRESSIVE;
				CLANG_CXX_LANGUAGE_STANDARD = "gnu++20";
				CLANG_ENABLE_MODULES = YES;
				CLANG_ENABLE_OBJC_ARC = YES;
				CLANG_ENABLE_OBJC_WEAK = YES;
				CLANG_WARN_BLOCK_CAPTURE_AUTORELEASING = YES;
				CLANG_WARN_BOOL_CONVERSION = YES;
				CLANG_WARN_COMMA = YES;
				CLANG_WARN_CONSTANT_CONVERSION = YES;
				CLANG_WARN_DEPRECATED_OBJC_IMPLEMENTATIONS = YES;
				CLANG_WARN_DIRECT_OBJC_ISA_USAGE = YES_ERROR;
				CLANG_WARN_DOCUMENTATION_COMMENTS = YES;
				CLANG_WARN_EMPTY_BODY = YES;
				CLANG_WARN_ENUM_CONVERSION = YES;
				CLANG_WARN_INFINITE_RECURSION = YES;
				CLANG_WARN_INT_CONVERSION = YES;
				CLANG_WARN_NON_LITERAL_NULL_CONVERSION = YES;
				CLANG_WARN_OBJC_IMPLICIT_RETAIN_SELF = YES;
				CLANG_WARN_OBJC_LITERAL_CONVERSION = YES;
				CLANG_WARN_OBJC_ROOT_CLASS = YES_ERROR;
				CLANG_WARN_QUOTED_INCLUDE_IN_FRAMEWORK_HEADER = YES;
				CLANG_WARN_RANGE_LOOP_ANALYSIS = YES;
				CLANG_WARN_STRICT_PROTOTYPES = YES;
				CLANG_WARN_SUSPICIOUS_MOVE = YES;
				CLANG_WARN_UNGUARDED_AVAILABILITY = YES_AGGRESSIVE;
				CLANG_WARN_UNREACHABLE_CODE = YES;
				CLANG_WARN__DUPLICATE_METHOD_MATCH = YES;
				COPY_PHASE_STRIP = NO;
				DEBUG_INFORMATION_FORMAT = dwarf;
				ENABLE_STRICT_OBJC_MSGSEND = YES;
				ENABLE_TESTABILITY = YES;
				ENABLE_USER_SCRIPT_SANDBOXING = YES;
				GCC_C_LANGUAGE_STANDARD = gnu17;
				GCC_DYNAMIC_NO_PIC = NO;
				GCC_NO_COMMON_BLOCKS = YES;
				GCC_OPTIMIZATION_LEVEL = 0;
				GCC_PREPROCESSOR_DEFINITIONS = (
					"DEBUG=1",
					"$(inherited)",
				);
				GCC_WARN_64_TO_32_BIT_CONVERSION = YES;
				GCC_WARN_ABOUT_RETURN_TYPE = YES_ERROR;
				GCC_WARN_UNDECLARED_SELECTOR = YES;
				GCC_WARN_UNINITIALIZED_AUTOS = YES_AGGRESSIVE;
				GCC_WARN_UNUSED_FUNCTION = YES;
				GCC_WARN_UNUSED_VARIABLE = YES;
				IPHONEOS_DEPLOYMENT_TARGET = 17.4;
				LOCALIZATION_PREFERS_STRING_CATALOGS = YES;
				MTL_ENABLE_DEBUG_INFO = INCLUDE_SOURCE;
				MTL_FAST_MATH = YES;
				ONLY_ACTIVE_ARCH = YES;
				SDKROOT = iphoneos;
				SWIFT_ACTIVE_COMPILATION_CONDITIONS = "DEBUG $(inherited)";
				SWIFT_OPTIMIZATION_LEVEL = "-Onone";
			};
			name = Debug;
		};
		48E7E76D2BC89E2700E286B0 /* Release */ = {
			isa = XCBuildConfiguration;
			buildSettings = {
				ALWAYS_SEARCH_USER_PATHS = NO;
				ASSETCATALOG_COMPILER_GENERATE_SWIFT_ASSET_SYMBOL_EXTENSIONS = YES;
				CLANG_ANALYZER_NONNULL = YES;
				CLANG_ANALYZER_NUMBER_OBJECT_CONVERSION = YES_AGGRESSIVE;
				CLANG_CXX_LANGUAGE_STANDARD = "gnu++20";
				CLANG_ENABLE_MODULES = YES;
				CLANG_ENABLE_OBJC_ARC = YES;
				CLANG_ENABLE_OBJC_WEAK = YES;
				CLANG_WARN_BLOCK_CAPTURE_AUTORELEASING = YES;
				CLANG_WARN_BOOL_CONVERSION = YES;
				CLANG_WARN_COMMA = YES;
				CLANG_WARN_CONSTANT_CONVERSION = YES;
				CLANG_WARN_DEPRECATED_OBJC_IMPLEMENTATIONS = YES;
				CLANG_WARN_DIRECT_OBJC_ISA_USAGE = YES_ERROR;
				CLANG_WARN_DOCUMENTATION_COMMENTS = YES;
				CLANG_WARN_EMPTY_BODY = YES;
				CLANG_WARN_ENUM_CONVERSION = YES;
				CLANG_WARN_INFINITE_RECURSION = YES;
				CLANG_WARN_INT_CONVERSION = YES;
				CLANG_WARN_NON_LITERAL_NULL_CONVERSION = YES;
				CLANG_WARN_OBJC_IMPLICIT_RETAIN_SELF = YES;
				CLANG_WARN_OBJC_LITERAL_CONVERSION = YES;
				CLANG_WARN_OBJC_ROOT_CLASS = YES_ERROR;
				CLANG_WARN_QUOTED_INCLUDE_IN_FRAMEWORK_HEADER = YES;
				CLANG_WARN_RANGE_LOOP_ANALYSIS = YES;
				CLANG_WARN_STRICT_PROTOTYPES = YES;
				CLANG_WARN_SUSPICIOUS_MOVE = YES;
				CLANG_WARN_UNGUARDED_AVAILABILITY = YES_AGGRESSIVE;
				CLANG_WARN_UNREACHABLE_CODE = YES;
				CLANG_WARN__DUPLICATE_METHOD_MATCH = YES;
				COPY_PHASE_STRIP = NO;
				DEBUG_INFORMATION_FORMAT = "dwarf-with-dsym";
				ENABLE_NS_ASSERTIONS = NO;
				ENABLE_STRICT_OBJC_MSGSEND = YES;
				ENABLE_USER_SCRIPT_SANDBOXING = YES;
				GCC_C_LANGUAGE_STANDARD = gnu17;
				GCC_NO_COMMON_BLOCKS = YES;
				GCC_WARN_64_TO_32_BIT_CONVERSION = YES;
				GCC_WARN_ABOUT_RETURN_TYPE = YES_ERROR;
				GCC_WARN_UNDECLARED_SELECTOR = YES;
				GCC_WARN_UNINITIALIZED_AUTOS = YES_AGGRESSIVE;
				GCC_WARN_UNUSED_FUNCTION = YES;
				GCC_WARN_UNUSED_VARIABLE = YES;
				IPHONEOS_DEPLOYMENT_TARGET = 17.4;
				LOCALIZATION_PREFERS_STRING_CATALOGS = YES;
				MTL_ENABLE_DEBUG_INFO = NO;
				MTL_FAST_MATH = YES;
				SDKROOT = iphoneos;
				SWIFT_COMPILATION_MODE = wholemodule;
				VALIDATE_PRODUCT = YES;
			};
			name = Release;
		};
		48E7E76F2BC89E2700E286B0 /* Debug */ = {
			isa = XCBuildConfiguration;
			buildSettings = {
				ASSETCATALOG_COMPILER_APPICON_NAME = AppIcon;
				ASSETCATALOG_COMPILER_GLOBAL_ACCENT_COLOR_NAME = AccentColor;
				CODE_SIGN_STYLE = Automatic;
				CURRENT_PROJECT_VERSION = 1;
				DEVELOPMENT_ASSET_PATHS = "\"Pokeydex/Preview Content\"";
				DEVELOPMENT_TEAM = JF3C4XP9N2;
				ENABLE_PREVIEWS = YES;
				GENERATE_INFOPLIST_FILE = YES;
				INFOPLIST_KEY_UIApplicationSceneManifest_Generation = YES;
				INFOPLIST_KEY_UIApplicationSupportsIndirectInputEvents = YES;
				INFOPLIST_KEY_UILaunchScreen_Generation = YES;
				INFOPLIST_KEY_UISupportedInterfaceOrientations_iPad = "UIInterfaceOrientationPortrait UIInterfaceOrientationPortraitUpsideDown UIInterfaceOrientationLandscapeLeft UIInterfaceOrientationLandscapeRight";
				INFOPLIST_KEY_UISupportedInterfaceOrientations_iPhone = "UIInterfaceOrientationPortrait UIInterfaceOrientationLandscapeLeft UIInterfaceOrientationLandscapeRight";
				LD_RUNPATH_SEARCH_PATHS = (
					"$(inherited)",
					"@executable_path/Frameworks",
				);
				MARKETING_VERSION = 1.0;
				PRODUCT_BUNDLE_IDENTIFIER = Team.Pokeydex;
				PRODUCT_NAME = "$(TARGET_NAME)";
				SWIFT_EMIT_LOC_STRINGS = YES;
				SWIFT_VERSION = 5.0;
				TARGETED_DEVICE_FAMILY = "1,2";
			};
			name = Debug;
		};
		48E7E7702BC89E2700E286B0 /* Release */ = {
			isa = XCBuildConfiguration;
			buildSettings = {
				ASSETCATALOG_COMPILER_APPICON_NAME = AppIcon;
				ASSETCATALOG_COMPILER_GLOBAL_ACCENT_COLOR_NAME = AccentColor;
				CODE_SIGN_STYLE = Automatic;
				CURRENT_PROJECT_VERSION = 1;
				DEVELOPMENT_ASSET_PATHS = "\"Pokeydex/Preview Content\"";
				DEVELOPMENT_TEAM = JF3C4XP9N2;
				ENABLE_PREVIEWS = YES;
				GENERATE_INFOPLIST_FILE = YES;
				INFOPLIST_KEY_UIApplicationSceneManifest_Generation = YES;
				INFOPLIST_KEY_UIApplicationSupportsIndirectInputEvents = YES;
				INFOPLIST_KEY_UILaunchScreen_Generation = YES;
				INFOPLIST_KEY_UISupportedInterfaceOrientations_iPad = "UIInterfaceOrientationPortrait UIInterfaceOrientationPortraitUpsideDown UIInterfaceOrientationLandscapeLeft UIInterfaceOrientationLandscapeRight";
				INFOPLIST_KEY_UISupportedInterfaceOrientations_iPhone = "UIInterfaceOrientationPortrait UIInterfaceOrientationLandscapeLeft UIInterfaceOrientationLandscapeRight";
				LD_RUNPATH_SEARCH_PATHS = (
					"$(inherited)",
					"@executable_path/Frameworks",
				);
				MARKETING_VERSION = 1.0;
				PRODUCT_BUNDLE_IDENTIFIER = Team.Pokeydex;
				PRODUCT_NAME = "$(TARGET_NAME)";
				SWIFT_EMIT_LOC_STRINGS = YES;
				SWIFT_VERSION = 5.0;
				TARGETED_DEVICE_FAMILY = "1,2";
			};
			name = Release;
		};
/* End XCBuildConfiguration section */

/* Begin XCConfigurationList section */
		48E7E75B2BC89E2500E286B0 /* Build configuration list for PBXProject "Pokeydex" */ = {
			isa = XCConfigurationList;
			buildConfigurations = (
				48E7E76C2BC89E2700E286B0 /* Debug */,
				48E7E76D2BC89E2700E286B0 /* Release */,
			);
			defaultConfigurationIsVisible = 0;
			defaultConfigurationName = Release;
		};
		48E7E76E2BC89E2700E286B0 /* Build configuration list for PBXNativeTarget "Pokeydex" */ = {
			isa = XCConfigurationList;
			buildConfigurations = (
				48E7E76F2BC89E2700E286B0 /* Debug */,
				48E7E7702BC89E2700E286B0 /* Release */,
			);
			defaultConfigurationIsVisible = 0;
			defaultConfigurationName = Release;
		};
/* End XCConfigurationList section */
	};
	rootObject = 48E7E7582BC89E2500E286B0 /* Project object */;
}
