// !$*UTF8*$!
{
	archiveVersion = 1;
	classes = {
	};
	objectVersion = 56;
	objects = {

/* Begin PBXBuildFile section */
		4800C1FE2B9A84F200BAE58E /* NavigationStackView.swift in Sources */ = {isa = PBXBuildFile; fileRef = 4800C1FD2B9A84F200BAE58E /* NavigationStackView.swift */; };
		4800C2002B9A86C200BAE58E /* TabViewView.swift in Sources */ = {isa = PBXBuildFile; fileRef = 4800C1FF2B9A86C200BAE58E /* TabViewView.swift */; };
		4800C2022B9A88A500BAE58E /* ForEachView.swift in Sources */ = {isa = PBXBuildFile; fileRef = 4800C2012B9A88A500BAE58E /* ForEachView.swift */; };
		480A6A452BC7808F00134AAC /* squid.txt in Resources */ = {isa = PBXBuildFile; fileRef = 480A6A442BC7808F00134AAC /* squid.txt */; };
		4826F26D2B914B3000CBD5C2 /* ViewModifiersView.swift in Sources */ = {isa = PBXBuildFile; fileRef = 4826F26C2B914B3000CBD5C2 /* ViewModifiersView.swift */; };
		4826F26F2B914C1F00CBD5C2 /* StateView.swift in Sources */ = {isa = PBXBuildFile; fileRef = 4826F26E2B914C1F00CBD5C2 /* StateView.swift */; };
		4871B5612BBE6A42008376AD /* Player.swift in Sources */ = {isa = PBXBuildFile; fileRef = 4871B5602BBE6A42008376AD /* Player.swift */; };
		4871B5632BBE6A68008376AD /* PlayerView.swift in Sources */ = {isa = PBXBuildFile; fileRef = 4871B5622BBE6A68008376AD /* PlayerView.swift */; };
		48914C872BACEF4200712BFE /* ValueTypeView.swift in Sources */ = {isa = PBXBuildFile; fileRef = 48914C862BACEF4200712BFE /* ValueTypeView.swift */; };
		48914C892BACF06D00712BFE /* ReferenceTypeView.swift in Sources */ = {isa = PBXBuildFile; fileRef = 48914C882BACF06D00712BFE /* ReferenceTypeView.swift */; };
		48AC36E02BBF65A8008190C4 /* PlayerViewModel.swift in Sources */ = {isa = PBXBuildFile; fileRef = 48AC36DF2BBF65A8008190C4 /* PlayerViewModel.swift */; };
		48D931CA2B86E5A400E62DE9 /* MeetingsApp.swift in Sources */ = {isa = PBXBuildFile; fileRef = 48D931C92B86E5A400E62DE9 /* MeetingsApp.swift */; };
		48D931CC2B86E5A400E62DE9 /* ContentView.swift in Sources */ = {isa = PBXBuildFile; fileRef = 48D931CB2B86E5A400E62DE9 /* ContentView.swift */; };
		48D931CE2B86E5A600E62DE9 /* Assets.xcassets in Resources */ = {isa = PBXBuildFile; fileRef = 48D931CD2B86E5A600E62DE9 /* Assets.xcassets */; };
		48D931D12B86E5A600E62DE9 /* Preview Assets.xcassets in Resources */ = {isa = PBXBuildFile; fileRef = 48D931D02B86E5A600E62DE9 /* Preview Assets.xcassets */; };
		48D931E82B880F5500E62DE9 /* BasicViews.swift in Sources */ = {isa = PBXBuildFile; fileRef = 48D931E72B880F5500E62DE9 /* BasicViews.swift */; };
		48D931EA2B8810D800E62DE9 /* LayoutViews.swift in Sources */ = {isa = PBXBuildFile; fileRef = 48D931E92B8810D800E62DE9 /* LayoutViews.swift */; };
		48E7E7562BC89D0300E286B0 /* BundleView.swift in Sources */ = {isa = PBXBuildFile; fileRef = 48E7E7552BC89D0300E286B0 /* BundleView.swift */; };
/* End PBXBuildFile section */

/* Begin PBXFileReference section */
		4800C1FD2B9A84F200BAE58E /* NavigationStackView.swift */ = {isa = PBXFileReference; lastKnownFileType = sourcecode.swift; path = NavigationStackView.swift; sourceTree = "<group>"; };
		4800C1FF2B9A86C200BAE58E /* TabViewView.swift */ = {isa = PBXFileReference; lastKnownFileType = sourcecode.swift; path = TabViewView.swift; sourceTree = "<group>"; };
		4800C2012B9A88A500BAE58E /* ForEachView.swift */ = {isa = PBXFileReference; lastKnownFileType = sourcecode.swift; path = ForEachView.swift; sourceTree = "<group>"; };
		480A6A442BC7808F00134AAC /* squid.txt */ = {isa = PBXFileReference; fileEncoding = 4; lastKnownFileType = text; path = squid.txt; sourceTree = "<group>"; };
		4826F26C2B914B3000CBD5C2 /* ViewModifiersView.swift */ = {isa = PBXFileReference; lastKnownFileType = sourcecode.swift; path = ViewModifiersView.swift; sourceTree = "<group>"; };
		4826F26E2B914C1F00CBD5C2 /* StateView.swift */ = {isa = PBXFileReference; lastKnownFileType = sourcecode.swift; path = StateView.swift; sourceTree = "<group>"; };
		4871B5602BBE6A42008376AD /* Player.swift */ = {isa = PBXFileReference; lastKnownFileType = sourcecode.swift; path = Player.swift; sourceTree = "<group>"; };
		4871B5622BBE6A68008376AD /* PlayerView.swift */ = {isa = PBXFileReference; lastKnownFileType = sourcecode.swift; path = PlayerView.swift; sourceTree = "<group>"; };
		48914C862BACEF4200712BFE /* ValueTypeView.swift */ = {isa = PBXFileReference; lastKnownFileType = sourcecode.swift; path = ValueTypeView.swift; sourceTree = "<group>"; };
		48914C882BACF06D00712BFE /* ReferenceTypeView.swift */ = {isa = PBXFileReference; lastKnownFileType = sourcecode.swift; path = ReferenceTypeView.swift; sourceTree = "<group>"; };
		48AC36DF2BBF65A8008190C4 /* PlayerViewModel.swift */ = {isa = PBXFileReference; lastKnownFileType = sourcecode.swift; path = PlayerViewModel.swift; sourceTree = "<group>"; };
		48D931C62B86E5A400E62DE9 /* Meetings.app */ = {isa = PBXFileReference; explicitFileType = wrapper.application; includeInIndex = 0; path = Meetings.app; sourceTree = BUILT_PRODUCTS_DIR; };
		48D931C92B86E5A400E62DE9 /* MeetingsApp.swift */ = {isa = PBXFileReference; lastKnownFileType = sourcecode.swift; path = MeetingsApp.swift; sourceTree = "<group>"; };
		48D931CB2B86E5A400E62DE9 /* ContentView.swift */ = {isa = PBXFileReference; lastKnownFileType = sourcecode.swift; path = ContentView.swift; sourceTree = "<group>"; };
		48D931CD2B86E5A600E62DE9 /* Assets.xcassets */ = {isa = PBXFileReference; lastKnownFileType = folder.assetcatalog; path = Assets.xcassets; sourceTree = "<group>"; };
		48D931D02B86E5A600E62DE9 /* Preview Assets.xcassets */ = {isa = PBXFileReference; lastKnownFileType = folder.assetcatalog; path = "Preview Assets.xcassets"; sourceTree = "<group>"; };
		48D931E72B880F5500E62DE9 /* BasicViews.swift */ = {isa = PBXFileReference; lastKnownFileType = sourcecode.swift; path = BasicViews.swift; sourceTree = "<group>"; };
		48D931E92B8810D800E62DE9 /* LayoutViews.swift */ = {isa = PBXFileReference; lastKnownFileType = sourcecode.swift; path = LayoutViews.swift; sourceTree = "<group>"; };
		48E7E7552BC89D0300E286B0 /* BundleView.swift */ = {isa = PBXFileReference; lastKnownFileType = sourcecode.swift; path = BundleView.swift; sourceTree = "<group>"; };
/* End PBXFileReference section */

/* Begin PBXFrameworksBuildPhase section */
		48D931C32B86E5A400E62DE9 /* Frameworks */ = {
			isa = PBXFrameworksBuildPhase;
			buildActionMask = 2147483647;
			files = (
			);
			runOnlyForDeploymentPostprocessing = 0;
		};
/* End PBXFrameworksBuildPhase section */

/* Begin PBXGroup section */
		4800C1FC2B9A7FD000BAE58E /* Meeting 04 */ = {
			isa = PBXGroup;
			children = (
				4800C1FD2B9A84F200BAE58E /* NavigationStackView.swift */,
				4800C1FF2B9A86C200BAE58E /* TabViewView.swift */,
				4800C2012B9A88A500BAE58E /* ForEachView.swift */,
			);
			path = "Meeting 04";
			sourceTree = "<group>";
		};
		480A6A462BC780AF00134AAC /* Meeting 08 */ = {
			isa = PBXGroup;
			children = (
				48E7E7552BC89D0300E286B0 /* BundleView.swift */,
			);
			path = "Meeting 08";
			sourceTree = "<group>";
		};
		482FAB072B9017F100500B1B /* Meeting 03 */ = {
			isa = PBXGroup;
			children = (
				4826F26C2B914B3000CBD5C2 /* ViewModifiersView.swift */,
				4826F26E2B914C1F00CBD5C2 /* StateView.swift */,
			);
			path = "Meeting 03";
			sourceTree = "<group>";
		};
		484C13622BABF5870047D488 /* Meeting 06 */ = {
			isa = PBXGroup;
			children = (
				48914C862BACEF4200712BFE /* ValueTypeView.swift */,
				48914C882BACF06D00712BFE /* ReferenceTypeView.swift */,
			);
			path = "Meeting 06";
			sourceTree = "<group>";
		};
		4871B55F2BBE6A1D008376AD /* Meeting 07 */ = {
			isa = PBXGroup;
			children = (
				4871B5602BBE6A42008376AD /* Player.swift */,
				4871B5622BBE6A68008376AD /* PlayerView.swift */,
				48AC36DF2BBF65A8008190C4 /* PlayerViewModel.swift */,
			);
			path = "Meeting 07";
			sourceTree = "<group>";
		};
		48D931BD2B86E5A400E62DE9 = {
			isa = PBXGroup;
			children = (
				48D931C82B86E5A400E62DE9 /* Meetings */,
				48D931C72B86E5A400E62DE9 /* Products */,
			);
			sourceTree = "<group>";
		};
		48D931C72B86E5A400E62DE9 /* Products */ = {
			isa = PBXGroup;
			children = (
				48D931C62B86E5A400E62DE9 /* Meetings.app */,
			);
			name = Products;
			sourceTree = "<group>";
		};
		48D931C82B86E5A400E62DE9 /* Meetings */ = {
			isa = PBXGroup;
			children = (
				480A6A462BC780AF00134AAC /* Meeting 08 */,
				4871B55F2BBE6A1D008376AD /* Meeting 07 */,
				484C13622BABF5870047D488 /* Meeting 06 */,
				4800C1FC2B9A7FD000BAE58E /* Meeting 04 */,
				482FAB072B9017F100500B1B /* Meeting 03 */,
				48D931E22B87E8AA00E62DE9 /* Meeting 02 */,
				48D931C92B86E5A400E62DE9 /* MeetingsApp.swift */,
				48D931CB2B86E5A400E62DE9 /* ContentView.swift */,
				48D931CD2B86E5A600E62DE9 /* Assets.xcassets */,
				480A6A442BC7808F00134AAC /* squid.txt */,
				48D931CF2B86E5A600E62DE9 /* Preview Content */,
			);
			path = Meetings;
			sourceTree = "<group>";
		};
		48D931CF2B86E5A600E62DE9 /* Preview Content */ = {
			isa = PBXGroup;
			children = (
				48D931D02B86E5A600E62DE9 /* Preview Assets.xcassets */,
			);
			path = "Preview Content";
			sourceTree = "<group>";
		};
		48D931E22B87E8AA00E62DE9 /* Meeting 02 */ = {
			isa = PBXGroup;
			children = (
				48D931E72B880F5500E62DE9 /* BasicViews.swift */,
				48D931E92B8810D800E62DE9 /* LayoutViews.swift */,
			);
			path = "Meeting 02";
			sourceTree = "<group>";
		};
/* End PBXGroup section */

/* Begin PBXNativeTarget section */
		48D931C52B86E5A400E62DE9 /* Meetings */ = {
			isa = PBXNativeTarget;
			buildConfigurationList = 48D931D42B86E5A600E62DE9 /* Build configuration list for PBXNativeTarget "Meetings" */;
			buildPhases = (
				48D931C22B86E5A400E62DE9 /* Sources */,
				48D931C32B86E5A400E62DE9 /* Frameworks */,
				48D931C42B86E5A400E62DE9 /* Resources */,
			);
			buildRules = (
			);
			dependencies = (
			);
			name = Meetings;
			productName = Meetings;
			productReference = 48D931C62B86E5A400E62DE9 /* Meetings.app */;
			productType = "com.apple.product-type.application";
		};
/* End PBXNativeTarget section */

/* Begin PBXProject section */
		48D931BE2B86E5A400E62DE9 /* Project object */ = {
			isa = PBXProject;
			attributes = {
				BuildIndependentTargetsInParallel = 1;
				LastSwiftUpdateCheck = 1520;
				LastUpgradeCheck = 1520;
				TargetAttributes = {
					48D931C52B86E5A400E62DE9 = {
						CreatedOnToolsVersion = 15.2;
					};
				};
			};
			buildConfigurationList = 48D931C12B86E5A400E62DE9 /* Build configuration list for PBXProject "Meetings" */;
			compatibilityVersion = "Xcode 14.0";
			developmentRegion = en;
			hasScannedForEncodings = 0;
			knownRegions = (
				en,
				Base,
			);
			mainGroup = 48D931BD2B86E5A400E62DE9;
			productRefGroup = 48D931C72B86E5A400E62DE9 /* Products */;
			projectDirPath = "";
			projectRoot = "";
			targets = (
				48D931C52B86E5A400E62DE9 /* Meetings */,
			);
		};
/* End PBXProject section */

/* Begin PBXResourcesBuildPhase section */
		48D931C42B86E5A400E62DE9 /* Resources */ = {
			isa = PBXResourcesBuildPhase;
			buildActionMask = 2147483647;
			files = (
				48D931D12B86E5A600E62DE9 /* Preview Assets.xcassets in Resources */,
				480A6A452BC7808F00134AAC /* squid.txt in Resources */,
				48D931CE2B86E5A600E62DE9 /* Assets.xcassets in Resources */,
			);
			runOnlyForDeploymentPostprocessing = 0;
		};
/* End PBXResourcesBuildPhase section */

/* Begin PBXSourcesBuildPhase section */
		48D931C22B86E5A400E62DE9 /* Sources */ = {
			isa = PBXSourcesBuildPhase;
			buildActionMask = 2147483647;
			files = (
				4800C2022B9A88A500BAE58E /* ForEachView.swift in Sources */,
				4826F26F2B914C1F00CBD5C2 /* StateView.swift in Sources */,
				48914C872BACEF4200712BFE /* ValueTypeView.swift in Sources */,
				4800C2002B9A86C200BAE58E /* TabViewView.swift in Sources */,
				48E7E7562BC89D0300E286B0 /* BundleView.swift in Sources */,
				4871B5612BBE6A42008376AD /* Player.swift in Sources */,
				48AC36E02BBF65A8008190C4 /* PlayerViewModel.swift in Sources */,
				48D931EA2B8810D800E62DE9 /* LayoutViews.swift in Sources */,
				4826F26D2B914B3000CBD5C2 /* ViewModifiersView.swift in Sources */,
				4871B5632BBE6A68008376AD /* PlayerView.swift in Sources */,
				48914C892BACF06D00712BFE /* ReferenceTypeView.swift in Sources */,
				48D931CC2B86E5A400E62DE9 /* ContentView.swift in Sources */,
				48D931E82B880F5500E62DE9 /* BasicViews.swift in Sources */,
				4800C1FE2B9A84F200BAE58E /* NavigationStackView.swift in Sources */,
				48D931CA2B86E5A400E62DE9 /* MeetingsApp.swift in Sources */,
			);
			runOnlyForDeploymentPostprocessing = 0;
		};
/* End PBXSourcesBuildPhase section */

/* Begin XCBuildConfiguration section */
		48D931D22B86E5A600E62DE9 /* Debug */ = {
			isa = XCBuildConfiguration;
			buildSettings = {
				ALWAYS_SEARCH_USER_PATHS = NO;
				ASSETCATALOG_COMPILER_GENERATE_SWIFT_ASSET_SYMBOL_EXTENSIONS = YES;
				CLANG_ANALYZER_NONNULL = YES;
				CLANG_ANALYZER_NUMBER_OBJECT_CONVERSION = YES_AGGRESSIVE;
				CLANG_CXX_LANGUAGE_STANDARD = "gnu++20";
				CLANG_ENABLE_MODULES = YES;
				CLANG_ENABLE_OBJC_ARC = YES;
				CLANG_ENABLE_OBJC_WEAK = YES;
				CLANG_WARN_BLOCK_CAPTURE_AUTORELEASING = YES;
				CLANG_WARN_BOOL_CONVERSION = YES;
				CLANG_WARN_COMMA = YES;
				CLANG_WARN_CONSTANT_CONVERSION = YES;
				CLANG_WARN_DEPRECATED_OBJC_IMPLEMENTATIONS = YES;
				CLANG_WARN_DIRECT_OBJC_ISA_USAGE = YES_ERROR;
				CLANG_WARN_DOCUMENTATION_COMMENTS = YES;
				CLANG_WARN_EMPTY_BODY = YES;
				CLANG_WARN_ENUM_CONVERSION = YES;
				CLANG_WARN_INFINITE_RECURSION = YES;
				CLANG_WARN_INT_CONVERSION = YES;
				CLANG_WARN_NON_LITERAL_NULL_CONVERSION = YES;
				CLANG_WARN_OBJC_IMPLICIT_RETAIN_SELF = YES;
				CLANG_WARN_OBJC_LITERAL_CONVERSION = YES;
				CLANG_WARN_OBJC_ROOT_CLASS = YES_ERROR;
				CLANG_WARN_QUOTED_INCLUDE_IN_FRAMEWORK_HEADER = YES;
				CLANG_WARN_RANGE_LOOP_ANALYSIS = YES;
				CLANG_WARN_STRICT_PROTOTYPES = YES;
				CLANG_WARN_SUSPICIOUS_MOVE = YES;
				CLANG_WARN_UNGUARDED_AVAILABILITY = YES_AGGRESSIVE;
				CLANG_WARN_UNREACHABLE_CODE = YES;
				CLANG_WARN__DUPLICATE_METHOD_MATCH = YES;
				COPY_PHASE_STRIP = NO;
				DEBUG_INFORMATION_FORMAT = dwarf;
				ENABLE_STRICT_OBJC_MSGSEND = YES;
				ENABLE_TESTABILITY = YES;
				ENABLE_USER_SCRIPT_SANDBOXING = YES;
				GCC_C_LANGUAGE_STANDARD = gnu17;
				GCC_DYNAMIC_NO_PIC = NO;
				GCC_NO_COMMON_BLOCKS = YES;
				GCC_OPTIMIZATION_LEVEL = 0;
				GCC_PREPROCESSOR_DEFINITIONS = (
					"DEBUG=1",
					"$(inherited)",
				);
				GCC_WARN_64_TO_32_BIT_CONVERSION = YES;
				GCC_WARN_ABOUT_RETURN_TYPE = YES_ERROR;
				GCC_WARN_UNDECLARED_SELECTOR = YES;
				GCC_WARN_UNINITIALIZED_AUTOS = YES_AGGRESSIVE;
				GCC_WARN_UNUSED_FUNCTION = YES;
				GCC_WARN_UNUSED_VARIABLE = YES;
				IPHONEOS_DEPLOYMENT_TARGET = 17.2;
				LOCALIZATION_PREFERS_STRING_CATALOGS = YES;
				MTL_ENABLE_DEBUG_INFO = INCLUDE_SOURCE;
				MTL_FAST_MATH = YES;
				ONLY_ACTIVE_ARCH = YES;
				SDKROOT = iphoneos;
				SWIFT_ACTIVE_COMPILATION_CONDITIONS = "DEBUG $(inherited)";
				SWIFT_OPTIMIZATION_LEVEL = "-Onone";
			};
			name = Debug;
		};
		48D931D32B86E5A600E62DE9 /* Release */ = {
			isa = XCBuildConfiguration;
			buildSettings = {
				ALWAYS_SEARCH_USER_PATHS = NO;
				ASSETCATALOG_COMPILER_GENERATE_SWIFT_ASSET_SYMBOL_EXTENSIONS = YES;
				CLANG_ANALYZER_NONNULL = YES;
				CLANG_ANALYZER_NUMBER_OBJECT_CONVERSION = YES_AGGRESSIVE;
				CLANG_CXX_LANGUAGE_STANDARD = "gnu++20";
				CLANG_ENABLE_MODULES = YES;
				CLANG_ENABLE_OBJC_ARC = YES;
				CLANG_ENABLE_OBJC_WEAK = YES;
				CLANG_WARN_BLOCK_CAPTURE_AUTORELEASING = YES;
				CLANG_WARN_BOOL_CONVERSION = YES;
				CLANG_WARN_COMMA = YES;
				CLANG_WARN_CONSTANT_CONVERSION = YES;
				CLANG_WARN_DEPRECATED_OBJC_IMPLEMENTATIONS = YES;
				CLANG_WARN_DIRECT_OBJC_ISA_USAGE = YES_ERROR;
				CLANG_WARN_DOCUMENTATION_COMMENTS = YES;
				CLANG_WARN_EMPTY_BODY = YES;
				CLANG_WARN_ENUM_CONVERSION = YES;
				CLANG_WARN_INFINITE_RECURSION = YES;
				CLANG_WARN_INT_CONVERSION = YES;
				CLANG_WARN_NON_LITERAL_NULL_CONVERSION = YES;
				CLANG_WARN_OBJC_IMPLICIT_RETAIN_SELF = YES;
				CLANG_WARN_OBJC_LITERAL_CONVERSION = YES;
				CLANG_WARN_OBJC_ROOT_CLASS = YES_ERROR;
				CLANG_WARN_QUOTED_INCLUDE_IN_FRAMEWORK_HEADER = YES;
				CLANG_WARN_RANGE_LOOP_ANALYSIS = YES;
				CLANG_WARN_STRICT_PROTOTYPES = YES;
				CLANG_WARN_SUSPICIOUS_MOVE = YES;
				CLANG_WARN_UNGUARDED_AVAILABILITY = YES_AGGRESSIVE;
				CLANG_WARN_UNREACHABLE_CODE = YES;
				CLANG_WARN__DUPLICATE_METHOD_MATCH = YES;
				COPY_PHASE_STRIP = NO;
				DEBUG_INFORMATION_FORMAT = "dwarf-with-dsym";
				ENABLE_NS_ASSERTIONS = NO;
				ENABLE_STRICT_OBJC_MSGSEND = YES;
				ENABLE_USER_SCRIPT_SANDBOXING = YES;
				GCC_C_LANGUAGE_STANDARD = gnu17;
				GCC_NO_COMMON_BLOCKS = YES;
				GCC_WARN_64_TO_32_BIT_CONVERSION = YES;
				GCC_WARN_ABOUT_RETURN_TYPE = YES_ERROR;
				GCC_WARN_UNDECLARED_SELECTOR = YES;
				GCC_WARN_UNINITIALIZED_AUTOS = YES_AGGRESSIVE;
				GCC_WARN_UNUSED_FUNCTION = YES;
				GCC_WARN_UNUSED_VARIABLE = YES;
				IPHONEOS_DEPLOYMENT_TARGET = 17.2;
				LOCALIZATION_PREFERS_STRING_CATALOGS = YES;
				MTL_ENABLE_DEBUG_INFO = NO;
				MTL_FAST_MATH = YES;
				SDKROOT = iphoneos;
				SWIFT_COMPILATION_MODE = wholemodule;
				VALIDATE_PRODUCT = YES;
			};
			name = Release;
		};
		48D931D52B86E5A600E62DE9 /* Debug */ = {
			isa = XCBuildConfiguration;
			buildSettings = {
				ASSETCATALOG_COMPILER_APPICON_NAME = AppIcon;
				ASSETCATALOG_COMPILER_GLOBAL_ACCENT_COLOR_NAME = AccentColor;
				CODE_SIGN_STYLE = Automatic;
				CURRENT_PROJECT_VERSION = 1;
				DEVELOPMENT_ASSET_PATHS = "\"Meetings/Preview Content\"";
				DEVELOPMENT_TEAM = JF3C4XP9N2;
				ENABLE_PREVIEWS = YES;
				GENERATE_INFOPLIST_FILE = YES;
				INFOPLIST_KEY_UIApplicationSceneManifest_Generation = YES;
				INFOPLIST_KEY_UIApplicationSupportsIndirectInputEvents = YES;
				INFOPLIST_KEY_UILaunchScreen_Generation = YES;
				INFOPLIST_KEY_UISupportedInterfaceOrientations_iPad = "UIInterfaceOrientationPortrait UIInterfaceOrientationPortraitUpsideDown UIInterfaceOrientationLandscapeLeft UIInterfaceOrientationLandscapeRight";
				INFOPLIST_KEY_UISupportedInterfaceOrientations_iPhone = "UIInterfaceOrientationPortrait UIInterfaceOrientationLandscapeLeft UIInterfaceOrientationLandscapeRight";
				LD_RUNPATH_SEARCH_PATHS = (
					"$(inherited)",
					"@executable_path/Frameworks",
				);
				MARKETING_VERSION = 1.0;
				PRODUCT_BUNDLE_IDENTIFIER = Team.Meetings;
				PRODUCT_NAME = "$(TARGET_NAME)";
				SWIFT_EMIT_LOC_STRINGS = YES;
				SWIFT_VERSION = 5.0;
				TARGETED_DEVICE_FAMILY = "1,2";
			};
			name = Debug;
		};
		48D931D62B86E5A600E62DE9 /* Release */ = {
			isa = XCBuildConfiguration;
			buildSettings = {
				ASSETCATALOG_COMPILER_APPICON_NAME = AppIcon;
				ASSETCATALOG_COMPILER_GLOBAL_ACCENT_COLOR_NAME = AccentColor;
				CODE_SIGN_STYLE = Automatic;
				CURRENT_PROJECT_VERSION = 1;
				DEVELOPMENT_ASSET_PATHS = "\"Meetings/Preview Content\"";
				DEVELOPMENT_TEAM = JF3C4XP9N2;
				ENABLE_PREVIEWS = YES;
				GENERATE_INFOPLIST_FILE = YES;
				INFOPLIST_KEY_UIApplicationSceneManifest_Generation = YES;
				INFOPLIST_KEY_UIApplicationSupportsIndirectInputEvents = YES;
				INFOPLIST_KEY_UILaunchScreen_Generation = YES;
				INFOPLIST_KEY_UISupportedInterfaceOrientations_iPad = "UIInterfaceOrientationPortrait UIInterfaceOrientationPortraitUpsideDown UIInterfaceOrientationLandscapeLeft UIInterfaceOrientationLandscapeRight";
				INFOPLIST_KEY_UISupportedInterfaceOrientations_iPhone = "UIInterfaceOrientationPortrait UIInterfaceOrientationLandscapeLeft UIInterfaceOrientationLandscapeRight";
				LD_RUNPATH_SEARCH_PATHS = (
					"$(inherited)",
					"@executable_path/Frameworks",
				);
				MARKETING_VERSION = 1.0;
				PRODUCT_BUNDLE_IDENTIFIER = Team.Meetings;
				PRODUCT_NAME = "$(TARGET_NAME)";
				SWIFT_EMIT_LOC_STRINGS = YES;
				SWIFT_VERSION = 5.0;
				TARGETED_DEVICE_FAMILY = "1,2";
			};
			name = Release;
		};
/* End XCBuildConfiguration section */

/* Begin XCConfigurationList section */
		48D931C12B86E5A400E62DE9 /* Build configuration list for PBXProject "Meetings" */ = {
			isa = XCConfigurationList;
			buildConfigurations = (
				48D931D22B86E5A600E62DE9 /* Debug */,
				48D931D32B86E5A600E62DE9 /* Release */,
			);
			defaultConfigurationIsVisible = 0;
			defaultConfigurationName = Release;
		};
		48D931D42B86E5A600E62DE9 /* Build configuration list for PBXNativeTarget "Meetings" */ = {
			isa = XCConfigurationList;
			buildConfigurations = (
				48D931D52B86E5A600E62DE9 /* Debug */,
				48D931D62B86E5A600E62DE9 /* Release */,
			);
			defaultConfigurationIsVisible = 0;
			defaultConfigurationName = Release;
		};
/* End XCConfigurationList section */
	};
	rootObject = 48D931BE2B86E5A400E62DE9 /* Project object */;
}
